{
  "nodes": {
    "agenix": {
      "inputs": {
        "nixpkgs": [
          "nixpkgs"
        ]
      },
      "locked": {
        "lastModified": 1646845404,
        "narHash": "sha256-JENXFCI2HVqi0whBzt7MAW9PX3ziEaYqBhMux+4g+VM=",
        "owner": "ryantm",
        "repo": "agenix",
        "rev": "764c975e74bce2f89a5106b68ec48e2b586f893c",
        "type": "github"
      },
      "original": {
        "owner": "ryantm",
        "repo": "agenix",
        "type": "github"
      }
    },
    "flake-utils": {
      "locked": {
        "lastModified": 1644229661,
        "narHash": "sha256-1YdnJAsNy69bpcjuoKdOYQX0YxZBiCYZo4Twxerqv7k=",
        "owner": "numtide",
        "repo": "flake-utils",
        "rev": "3cecb5b042f7f209c56ffd8371b2711a290ec797",
        "type": "github"
      },
      "original": {
        "owner": "numtide",
        "repo": "flake-utils",
        "type": "github"
      }
    },
    "nixpkgs": {
      "locked": {
        "lastModified": 1647800324,
        "narHash": "sha256-rjwoxrk16zfrcO5Torh6CbAd5GHsHrXw+EwxOvh9AUI=",
        "owner": "nixos",
        "repo": "nixpkgs",
        "rev": "9bc841fec1c0e8b9772afa29f934d2c7ce57da8e",
        "type": "github"
      },
      "original": {
        "owner": "nixos",
        "ref": "nixos-unstable",
        "repo": "nixpkgs",
        "type": "github"
      }
    },
    "plex-subzero": {
      "flake": false,
      "locked": {
        "lastModified": 1620347776,
        "narHash": "sha256-v66qSiZl0+Q4WFjv9NgQVcfnpB7TIZ8e0rWGn2Asa84=",
        "owner": "pannal",
        "repo": "Sub-Zero.bundle",
        "rev": "2788b0e0b27a37b463c4c8fc08072542579c7f75",
        "type": "github"
      },
      "original": {
        "owner": "pannal",
        "repo": "Sub-Zero.bundle",
        "type": "github"
      }
    },
    "root": {
      "inputs": {
        "agenix": "agenix",
        "flake-utils": "flake-utils",
        "nixpkgs": "nixpkgs",
        "plex-subzero": "plex-subzero",
        "wsdd": "wsdd"
      }
    },
    "wsdd": {
      "flake": false,
      "locked": {
        "lastModified": 1645124500,
        "narHash": "sha256-nx9UetVKxIjYcG/TeTuJD9SpRWZvlQidNWeqExErDzk=",
        "owner": "christgau",
        "repo": "wsdd",
        "rev": "c87819bda08acbe5913057770cc393c788577fb7",
        "type": "github"
      },
      "original": {
        "owner": "christgau",
        "repo": "wsdd",
        "type": "github"
      }
    }
  },
  "root": "root",
  "version": 7
}
